
Microsoft Visual Studio Solution File, Format Version 12.00
# Visual Studio Version 16
VisualStudioVersion = 16.0.29001.49
MinimumVisualStudioVersion = 10.0.40219.1
Project("{2150E333-8FDC-42A3-9474-1A3956D46DE8}") = "Web", "Web", "{89D3A2F2-2DCA-42A5-845B-7BB4994D9106}"
EndProject
Project("{FAE04EC0-301F-11D3-BF4B-00C04F79EFBC}") = "VRTX.App", "VRTX.App\VRTX.App.csproj", "{997AB235-2227-42F4-8ED4-1530961A0647}"
EndProject
Global
	GlobalSection(SolutionConfigurationPlatforms) = preSolution
		Debug|Any CPU = Debug|Any CPU
		Release|Any CPU = Release|Any CPU
	EndGlobalSection
	GlobalSection(ProjectConfigurationPlatforms) = postSolution
		{997AB235-2227-42F4-8ED4-1530961A0647}.Debug|Any CPU.ActiveCfg = Debug|Any CPU
		{997AB235-2227-42F4-8ED4-1530961A0647}.Debug|Any CPU.Build.0 = Debug|Any CPU
		{997AB235-2227-42F4-8ED4-1530961A0647}.Release|Any CPU.ActiveCfg = Release|Any CPU
		{997AB235-2227-42F4-8ED4-1530961A0647}.Release|Any CPU.Build.0 = Release|Any CPU
	EndGlobalSection
	GlobalSection(SolutionProperties) = preSolution
		HideSolutionNode = FALSE
	EndGlobalSection
	GlobalSection(NestedProjects) = preSolution
		{997AB235-2227-42F4-8ED4-1530961A0647} = {89D3A2F2-2DCA-42A5-845B-7BB4994D9106}
	EndGlobalSection
	GlobalSection(ExtensibilityGlobals) = postSolution
		SolutionGuid = {1EF95065-B0E0-498B-9C05-89CA9CFA0240}
	EndGlobalSection
EndGlobal
